// !$*UTF8*$!
{
	archiveVersion = 1;
	classes = {
	};
	objectVersion = 56;
	objects = {

/* Begin PBXBuildFile section */
		0950E66329A7F06E001B08A1 /* GoogleService-Info.plist in Resources */ = {isa = PBXBuildFile; fileRef = 0950E66229A7F06E001B08A1 /* GoogleService-Info.plist */; };
		0950E66629A7F3B0001B08A1 /* FirebaseAuth in Frameworks */ = {isa = PBXBuildFile; productRef = 0950E66529A7F3B0001B08A1 /* FirebaseAuth */; };
		0950E66829A7F3B0001B08A1 /* FirebaseFirestore in Frameworks */ = {isa = PBXBuildFile; productRef = 0950E66729A7F3B0001B08A1 /* FirebaseFirestore */; };
		0966B76629A7E6A000469368 /* AppDelegate.swift in Sources */ = {isa = PBXBuildFile; fileRef = 0966B76529A7E6A000469368 /* AppDelegate.swift */; };
		0966B76829A7E6A000469368 /* SceneDelegate.swift in Sources */ = {isa = PBXBuildFile; fileRef = 0966B76729A7E6A000469368 /* SceneDelegate.swift */; };
		0966B76A29A7E6A000469368 /* WelcomeViewController.swift in Sources */ = {isa = PBXBuildFile; fileRef = 0966B76929A7E6A000469368 /* WelcomeViewController.swift */; };
		0966B76D29A7E6A000469368 /* Main.storyboard in Resources */ = {isa = PBXBuildFile; fileRef = 0966B76B29A7E6A000469368 /* Main.storyboard */; };
		0966B76F29A7E6A100469368 /* Assets.xcassets in Resources */ = {isa = PBXBuildFile; fileRef = 0966B76E29A7E6A100469368 /* Assets.xcassets */; };
		0966B77229A7E6A100469368 /* LaunchScreen.storyboard in Resources */ = {isa = PBXBuildFile; fileRef = 0966B77029A7E6A100469368 /* LaunchScreen.storyboard */; };
		097D6AFE29A987AB007B359D /* Constant.swift in Sources */ = {isa = PBXBuildFile; fileRef = 097D6AFD29A987AB007B359D /* Constant.swift */; };
		097D6B0029A9912D007B359D /* RegisterViewController.swift in Sources */ = {isa = PBXBuildFile; fileRef = 097D6AFF29A9912D007B359D /* RegisterViewController.swift */; };
		097D6B0229A99240007B359D /* LoginViewController.swift in Sources */ = {isa = PBXBuildFile; fileRef = 097D6B0129A99240007B359D /* LoginViewController.swift */; };
		097D6B0429A99274007B359D /* ChatViewController.swift in Sources */ = {isa = PBXBuildFile; fileRef = 097D6B0329A99274007B359D /* ChatViewController.swift */; };
		C7162C519E66194A30C7181D /* Pods_Flash_Chat.framework in Frameworks */ = {isa = PBXBuildFile; fileRef = 71960F3FF85514F0F9721F02 /* Pods_Flash_Chat.framework */; };
/* End PBXBuildFile section */

/* Begin PBXFileReference section */
		0950E66229A7F06E001B08A1 /* GoogleService-Info.plist */ = {isa = PBXFileReference; fileEncoding = 4; lastKnownFileType = text.plist.xml; path = "GoogleService-Info.plist"; sourceTree = "<group>"; };
		0966B76229A7E6A000469368 /* Flash-Chat.app */ = {isa = PBXFileReference; explicitFileType = wrapper.application; includeInIndex = 0; path = "Flash-Chat.app"; sourceTree = BUILT_PRODUCTS_DIR; };
		0966B76529A7E6A000469368 /* AppDelegate.swift */ = {isa = PBXFileReference; lastKnownFileType = sourcecode.swift; path = AppDelegate.swift; sourceTree = "<group>"; };
		0966B76729A7E6A000469368 /* SceneDelegate.swift */ = {isa = PBXFileReference; lastKnownFileType = sourcecode.swift; path = SceneDelegate.swift; sourceTree = "<group>"; };
		0966B76929A7E6A000469368 /* WelcomeViewController.swift */ = {isa = PBXFileReference; lastKnownFileType = sourcecode.swift; path = WelcomeViewController.swift; sourceTree = "<group>"; };
		0966B76C29A7E6A000469368 /* Base */ = {isa = PBXFileReference; lastKnownFileType = file.storyboard; name = Base; path = Base.lproj/Main.storyboard; sourceTree = "<group>"; };
		0966B76E29A7E6A100469368 /* Assets.xcassets */ = {isa = PBXFileReference; lastKnownFileType = folder.assetcatalog; path = Assets.xcassets; sourceTree = "<group>"; };
		0966B77129A7E6A100469368 /* Base */ = {isa = PBXFileReference; lastKnownFileType = file.storyboard; name = Base; path = Base.lproj/LaunchScreen.storyboard; sourceTree = "<group>"; };
		0966B77329A7E6A100469368 /* Info.plist */ = {isa = PBXFileReference; lastKnownFileType = text.plist.xml; path = Info.plist; sourceTree = "<group>"; };
		097D6AFD29A987AB007B359D /* Constant.swift */ = {isa = PBXFileReference; lastKnownFileType = sourcecode.swift; path = Constant.swift; sourceTree = "<group>"; };
		097D6AFF29A9912D007B359D /* RegisterViewController.swift */ = {isa = PBXFileReference; lastKnownFileType = sourcecode.swift; path = RegisterViewController.swift; sourceTree = "<group>"; };
		097D6B0129A99240007B359D /* LoginViewController.swift */ = {isa = PBXFileReference; lastKnownFileType = sourcecode.swift; path = LoginViewController.swift; sourceTree = "<group>"; };
		097D6B0329A99274007B359D /* ChatViewController.swift */ = {isa = PBXFileReference; lastKnownFileType = sourcecode.swift; path = ChatViewController.swift; sourceTree = "<group>"; };
		535F8D36FB8ADCB1162A7470 /* Pods-Flash-Chat.debug.xcconfig */ = {isa = PBXFileReference; includeInIndex = 1; lastKnownFileType = text.xcconfig; name = "Pods-Flash-Chat.debug.xcconfig"; path = "Target Support Files/Pods-Flash-Chat/Pods-Flash-Chat.debug.xcconfig"; sourceTree = "<group>"; };
		71960F3FF85514F0F9721F02 /* Pods_Flash_Chat.framework */ = {isa = PBXFileReference; explicitFileType = wrapper.framework; includeInIndex = 0; path = Pods_Flash_Chat.framework; sourceTree = BUILT_PRODUCTS_DIR; };
		BB48C4BECE2CD7FE99380126 /* Pods-Flash-Chat.release.xcconfig */ = {isa = PBXFileReference; includeInIndex = 1; lastKnownFileType = text.xcconfig; name = "Pods-Flash-Chat.release.xcconfig"; path = "Target Support Files/Pods-Flash-Chat/Pods-Flash-Chat.release.xcconfig"; sourceTree = "<group>"; };
/* End PBXFileReference section */

/* Begin PBXFrameworksBuildPhase section */
		0966B75F29A7E6A000469368 /* Frameworks */ = {
			isa = PBXFrameworksBuildPhase;
			buildActionMask = 2147483647;
			files = (
				C7162C519E66194A30C7181D /* Pods_Flash_Chat.framework in Frameworks */,
				0950E66629A7F3B0001B08A1 /* FirebaseAuth in Frameworks */,
				0950E66829A7F3B0001B08A1 /* FirebaseFirestore in Frameworks */,
			);
			runOnlyForDeploymentPostprocessing = 0;
		};
/* End PBXFrameworksBuildPhase section */

/* Begin PBXGroup section */
		0950E66929A9724A001B08A1 /* Controllers */ = {
			isa = PBXGroup;
			children = (
				0966B76929A7E6A000469368 /* WelcomeViewController.swift */,
				097D6AFF29A9912D007B359D /* RegisterViewController.swift */,
				097D6B0129A99240007B359D /* LoginViewController.swift */,
				097D6B0329A99274007B359D /* ChatViewController.swift */,
			);
			path = Controllers;
			sourceTree = "<group>";
		};
		0950E66A29A97256001B08A1 /* Views */ = {
			isa = PBXGroup;
			children = (
				0966B76B29A7E6A000469368 /* Main.storyboard */,
			);
			path = Views;
			sourceTree = "<group>";
		};
		0966B75929A7E6A000469368 = {
			isa = PBXGroup;
			children = (
				0966B76429A7E6A000469368 /* Flash-Chat */,
				0966B76329A7E6A000469368 /* Products */,
				F83DDF4A689B5BB7128A74D5 /* Pods */,
				7E63EDDDEEAA791E46961BA9 /* Frameworks */,
			);
			sourceTree = "<group>";
		};
		0966B76329A7E6A000469368 /* Products */ = {
			isa = PBXGroup;
			children = (
				0966B76229A7E6A000469368 /* Flash-Chat.app */,
			);
			name = Products;
			sourceTree = "<group>";
		};
		0966B76429A7E6A000469368 /* Flash-Chat */ = {
			isa = PBXGroup;
			children = (
				0966B76529A7E6A000469368 /* AppDelegate.swift */,
				0966B76729A7E6A000469368 /* SceneDelegate.swift */,
				0950E66929A9724A001B08A1 /* Controllers */,
				0950E66A29A97256001B08A1 /* Views */,
				0966B76E29A7E6A100469368 /* Assets.xcassets */,
				0966B77029A7E6A100469368 /* LaunchScreen.storyboard */,
				0966B77329A7E6A100469368 /* Info.plist */,
				0950E66229A7F06E001B08A1 /* GoogleService-Info.plist */,
				097D6AFD29A987AB007B359D /* Constant.swift */,
			);
			path = "Flash-Chat";
			sourceTree = "<group>";
		};
		7E63EDDDEEAA791E46961BA9 /* Frameworks */ = {
			isa = PBXGroup;
			children = (
				71960F3FF85514F0F9721F02 /* Pods_Flash_Chat.framework */,
			);
			name = Frameworks;
			sourceTree = "<group>";
		};
		F83DDF4A689B5BB7128A74D5 /* Pods */ = {
			isa = PBXGroup;
			children = (
				535F8D36FB8ADCB1162A7470 /* Pods-Flash-Chat.debug.xcconfig */,
				BB48C4BECE2CD7FE99380126 /* Pods-Flash-Chat.release.xcconfig */,
			);
			path = Pods;
			sourceTree = "<group>";
		};
/* End PBXGroup section */

/* Begin PBXNativeTarget section */
		0966B76129A7E6A000469368 /* Flash-Chat */ = {
			isa = PBXNativeTarget;
			buildConfigurationList = 0966B77629A7E6A100469368 /* Build configuration list for PBXNativeTarget "Flash-Chat" */;
			buildPhases = (
				16DE8D88A00803F520836E76 /* [CP] Check Pods Manifest.lock */,
				0966B75E29A7E6A000469368 /* Sources */,
				0966B75F29A7E6A000469368 /* Frameworks */,
				0966B76029A7E6A000469368 /* Resources */,
				F2AA01FCC6951266FDABA6AA /* [CP] Embed Pods Frameworks */,
			);
			buildRules = (
			);
			dependencies = (
			);
			name = "Flash-Chat";
			packageProductDependencies = (
				0950E66529A7F3B0001B08A1 /* FirebaseAuth */,
				0950E66729A7F3B0001B08A1 /* FirebaseFirestore */,
			);
			productName = "Flash-Chat";
			productReference = 0966B76229A7E6A000469368 /* Flash-Chat.app */;
			productType = "com.apple.product-type.application";
		};
/* End PBXNativeTarget section */

/* Begin PBXProject section */
		0966B75A29A7E6A000469368 /* Project object */ = {
			isa = PBXProject;
			attributes = {
				BuildIndependentTargetsInParallel = 1;
				LastSwiftUpdateCheck = 1410;
				LastUpgradeCheck = 1410;
				TargetAttributes = {
					0966B76129A7E6A000469368 = {
						CreatedOnToolsVersion = 14.1;
					};
				};
			};
			buildConfigurationList = 0966B75D29A7E6A000469368 /* Build configuration list for PBXProject "Flash-Chat" */;
			compatibilityVersion = "Xcode 14.0";
			developmentRegion = en;
			hasScannedForEncodings = 0;
			knownRegions = (
				en,
				Base,
			);
			mainGroup = 0966B75929A7E6A000469368;
			packageReferences = (
				0950E66429A7F3B0001B08A1 /* XCRemoteSwiftPackageReference "firebase-ios-sdk" */,
			);
			productRefGroup = 0966B76329A7E6A000469368 /* Products */;
			projectDirPath = "";
			projectRoot = "";
			targets = (
				0966B76129A7E6A000469368 /* Flash-Chat */,
			);
		};
/* End PBXProject section */

/* Begin PBXResourcesBuildPhase section */
		0966B76029A7E6A000469368 /* Resources */ = {
			isa = PBXResourcesBuildPhase;
			buildActionMask = 2147483647;
			files = (
				0966B77229A7E6A100469368 /* LaunchScreen.storyboard in Resources */,
				0966B76F29A7E6A100469368 /* Assets.xcassets in Resources */,
				0966B76D29A7E6A000469368 /* Main.storyboard in Resources */,
				0950E66329A7F06E001B08A1 /* GoogleService-Info.plist in Resources */,
			);
			runOnlyForDeploymentPostprocessing = 0;
		};
/* End PBXResourcesBuildPhase section */

/* Begin PBXShellScriptBuildPhase section */
		16DE8D88A00803F520836E76 /* [CP] Check Pods Manifest.lock */ = {
			isa = PBXShellScriptBuildPhase;
			buildActionMask = 2147483647;
			files = (
			);
			inputFileListPaths = (
			);
			inputPaths = (
				"${PODS_PODFILE_DIR_PATH}/Podfile.lock",
				"${PODS_ROOT}/Manifest.lock",
			);
			name = "[CP] Check Pods Manifest.lock";
			outputFileListPaths = (
			);
			outputPaths = (
				"$(DERIVED_FILE_DIR)/Pods-Flash-Chat-checkManifestLockResult.txt",
			);
			runOnlyForDeploymentPostprocessing = 0;
			shellPath = /bin/sh;
			shellScript = "diff \"${PODS_PODFILE_DIR_PATH}/Podfile.lock\" \"${PODS_ROOT}/Manifest.lock\" > /dev/null\nif [ $? != 0 ] ; then\n    # print error to STDERR\n    echo \"error: The sandbox is not in sync with the Podfile.lock. Run 'pod install' or update your CocoaPods installation.\" >&2\n    exit 1\nfi\n# This output is used by Xcode 'outputs' to avoid re-running this script phase.\necho \"SUCCESS\" > \"${SCRIPT_OUTPUT_FILE_0}\"\n";
			showEnvVarsInLog = 0;
		};
		F2AA01FCC6951266FDABA6AA /* [CP] Embed Pods Frameworks */ = {
			isa = PBXShellScriptBuildPhase;
			buildActionMask = 2147483647;
			files = (
			);
			inputFileListPaths = (
				"${PODS_ROOT}/Target Support Files/Pods-Flash-Chat/Pods-Flash-Chat-frameworks-${CONFIGURATION}-input-files.xcfilelist",
			);
			name = "[CP] Embed Pods Frameworks";
			outputFileListPaths = (
				"${PODS_ROOT}/Target Support Files/Pods-Flash-Chat/Pods-Flash-Chat-frameworks-${CONFIGURATION}-output-files.xcfilelist",
			);
			runOnlyForDeploymentPostprocessing = 0;
			shellPath = /bin/sh;
			shellScript = "\"${PODS_ROOT}/Target Support Files/Pods-Flash-Chat/Pods-Flash-Chat-frameworks.sh\"\n";
			showEnvVarsInLog = 0;
		};
/* End PBXShellScriptBuildPhase section */

/* Begin PBXSourcesBuildPhase section */
		0966B75E29A7E6A000469368 /* Sources */ = {
			isa = PBXSourcesBuildPhase;
			buildActionMask = 2147483647;
			files = (
				097D6B0229A99240007B359D /* LoginViewController.swift in Sources */,
				0966B76A29A7E6A000469368 /* WelcomeViewController.swift in Sources */,
				097D6B0029A9912D007B359D /* RegisterViewController.swift in Sources */,
				097D6B0429A99274007B359D /* ChatViewController.swift in Sources */,
				0966B76629A7E6A000469368 /* AppDelegate.swift in Sources */,
				0966B76829A7E6A000469368 /* SceneDelegate.swift in Sources */,
				097D6AFE29A987AB007B359D /* Constant.swift in Sources */,
			);
			runOnlyForDeploymentPostprocessing = 0;
		};
/* End PBXSourcesBuildPhase section */

/* Begin PBXVariantGroup section */
		0966B76B29A7E6A000469368 /* Main.storyboard */ = {
			isa = PBXVariantGroup;
			children = (
				0966B76C29A7E6A000469368 /* Base */,
			);
			name = Main.storyboard;
			sourceTree = "<group>";
		};
		0966B77029A7E6A100469368 /* LaunchScreen.storyboard */ = {
			isa = PBXVariantGroup;
			children = (
				0966B77129A7E6A100469368 /* Base */,
			);
			name = LaunchScreen.storyboard;
			sourceTree = "<group>";
		};
/* End PBXVariantGroup section */

/* Begin XCBuildConfiguration section */
		0966B77429A7E6A100469368 /* Debug */ = {
			isa = XCBuildConfiguration;
			buildSettings = {
				ALWAYS_SEARCH_USER_PATHS = NO;
				CLANG_ANALYZER_NONNULL = YES;
				CLANG_ANALYZER_NUMBER_OBJECT_CONVERSION = YES_AGGRESSIVE;
				CLANG_CXX_LANGUAGE_STANDARD = "gnu++20";
				CLANG_ENABLE_MODULES = YES;
				CLANG_ENABLE_OBJC_ARC = YES;
				CLANG_ENABLE_OBJC_WEAK = YES;
				CLANG_WARN_BLOCK_CAPTURE_AUTORELEASING = YES;
				CLANG_WARN_BOOL_CONVERSION = YES;
				CLANG_WARN_COMMA = YES;
				CLANG_WARN_CONSTANT_CONVERSION = YES;
				CLANG_WARN_DEPRECATED_OBJC_IMPLEMENTATIONS = YES;
				CLANG_WARN_DIRECT_OBJC_ISA_USAGE = YES_ERROR;
				CLANG_WARN_DOCUMENTATION_COMMENTS = YES;
				CLANG_WARN_EMPTY_BODY = YES;
				CLANG_WARN_ENUM_CONVERSION = YES;
				CLANG_WARN_INFINITE_RECURSION = YES;
				CLANG_WARN_INT_CONVERSION = YES;
				CLANG_WARN_NON_LITERAL_NULL_CONVERSION = YES;
				CLANG_WARN_OBJC_IMPLICIT_RETAIN_SELF = YES;
				CLANG_WARN_OBJC_LITERAL_CONVERSION = YES;
				CLANG_WARN_OBJC_ROOT_CLASS = YES_ERROR;
				CLANG_WARN_QUOTED_INCLUDE_IN_FRAMEWORK_HEADER = YES;
				CLANG_WARN_RANGE_LOOP_ANALYSIS = YES;
				CLANG_WARN_STRICT_PROTOTYPES = YES;
				CLANG_WARN_SUSPICIOUS_MOVE = YES;
				CLANG_WARN_UNGUARDED_AVAILABILITY = YES_AGGRESSIVE;
				CLANG_WARN_UNREACHABLE_CODE = YES;
				CLANG_WARN__DUPLICATE_METHOD_MATCH = YES;
				COPY_PHASE_STRIP = NO;
				DEBUG_INFORMATION_FORMAT = dwarf;
				ENABLE_STRICT_OBJC_MSGSEND = YES;
				ENABLE_TESTABILITY = YES;
				GCC_C_LANGUAGE_STANDARD = gnu11;
				GCC_DYNAMIC_NO_PIC = NO;
				GCC_NO_COMMON_BLOCKS = YES;
				GCC_OPTIMIZATION_LEVEL = 0;
				GCC_PREPROCESSOR_DEFINITIONS = (
					"DEBUG=1",
					"$(inherited)",
				);
				GCC_WARN_64_TO_32_BIT_CONVERSION = YES;
				GCC_WARN_ABOUT_RETURN_TYPE = YES_ERROR;
				GCC_WARN_UNDECLARED_SELECTOR = YES;
				GCC_WARN_UNINITIALIZED_AUTOS = YES_AGGRESSIVE;
				GCC_WARN_UNUSED_FUNCTION = YES;
				GCC_WARN_UNUSED_VARIABLE = YES;
				IPHONEOS_DEPLOYMENT_TARGET = 16.1;
				MTL_ENABLE_DEBUG_INFO = INCLUDE_SOURCE;
				MTL_FAST_MATH = YES;
				ONLY_ACTIVE_ARCH = YES;
				SDKROOT = iphoneos;
				SWIFT_ACTIVE_COMPILATION_CONDITIONS = DEBUG;
				SWIFT_OPTIMIZATION_LEVEL = "-Onone";
			};
			name = Debug;
		};
		0966B77529A7E6A100469368 /* Release */ = {
			isa = XCBuildConfiguration;
			buildSettings = {
				ALWAYS_SEARCH_USER_PATHS = NO;
				CLANG_ANALYZER_NONNULL = YES;
				CLANG_ANALYZER_NUMBER_OBJECT_CONVERSION = YES_AGGRESSIVE;
				CLANG_CXX_LANGUAGE_STANDARD = "gnu++20";
				CLANG_ENABLE_MODULES = YES;
				CLANG_ENABLE_OBJC_ARC = YES;
				CLANG_ENABLE_OBJC_WEAK = YES;
				CLANG_WARN_BLOCK_CAPTURE_AUTORELEASING = YES;
				CLANG_WARN_BOOL_CONVERSION = YES;
				CLANG_WARN_COMMA = YES;
				CLANG_WARN_CONSTANT_CONVERSION = YES;
				CLANG_WARN_DEPRECATED_OBJC_IMPLEMENTATIONS = YES;
				CLANG_WARN_DIRECT_OBJC_ISA_USAGE = YES_ERROR;
				CLANG_WARN_DOCUMENTATION_COMMENTS = YES;
				CLANG_WARN_EMPTY_BODY = YES;
				CLANG_WARN_ENUM_CONVERSION = YES;
				CLANG_WARN_INFINITE_RECURSION = YES;
				CLANG_WARN_INT_CONVERSION = YES;
				CLANG_WARN_NON_LITERAL_NULL_CONVERSION = YES;
				CLANG_WARN_OBJC_IMPLICIT_RETAIN_SELF = YES;
				CLANG_WARN_OBJC_LITERAL_CONVERSION = YES;
				CLANG_WARN_OBJC_ROOT_CLASS = YES_ERROR;
				CLANG_WARN_QUOTED_INCLUDE_IN_FRAMEWORK_HEADER = YES;
				CLANG_WARN_RANGE_LOOP_ANALYSIS = YES;
				CLANG_WARN_STRICT_PROTOTYPES = YES;
				CLANG_WARN_SUSPICIOUS_MOVE = YES;
				CLANG_WARN_UNGUARDED_AVAILABILITY = YES_AGGRESSIVE;
				CLANG_WARN_UNREACHABLE_CODE = YES;
				CLANG_WARN__DUPLICATE_METHOD_MATCH = YES;
				COPY_PHASE_STRIP = NO;
				DEBUG_INFORMATION_FORMAT = "dwarf-with-dsym";
				ENABLE_NS_ASSERTIONS = NO;
				ENABLE_STRICT_OBJC_MSGSEND = YES;
				GCC_C_LANGUAGE_STANDARD = gnu11;
				GCC_NO_COMMON_BLOCKS = YES;
				GCC_WARN_64_TO_32_BIT_CONVERSION = YES;
				GCC_WARN_ABOUT_RETURN_TYPE = YES_ERROR;
				GCC_WARN_UNDECLARED_SELECTOR = YES;
				GCC_WARN_UNINITIALIZED_AUTOS = YES_AGGRESSIVE;
				GCC_WARN_UNUSED_FUNCTION = YES;
				GCC_WARN_UNUSED_VARIABLE = YES;
				IPHONEOS_DEPLOYMENT_TARGET = 16.1;
				MTL_ENABLE_DEBUG_INFO = NO;
				MTL_FAST_MATH = YES;
				SDKROOT = iphoneos;
				SWIFT_COMPILATION_MODE = wholemodule;
				SWIFT_OPTIMIZATION_LEVEL = "-O";
				VALIDATE_PRODUCT = YES;
			};
			name = Release;
		};
		0966B77729A7E6A100469368 /* Debug */ = {
			isa = XCBuildConfiguration;
			baseConfigurationReference = 535F8D36FB8ADCB1162A7470 /* Pods-Flash-Chat.debug.xcconfig */;
			buildSettings = {
				ASSETCATALOG_COMPILER_APPICON_NAME = AppIcon;
				ASSETCATALOG_COMPILER_GLOBAL_ACCENT_COLOR_NAME = AccentColor;
				CODE_SIGN_STYLE = Automatic;
				CURRENT_PROJECT_VERSION = 1;
				DEVELOPMENT_TEAM = BCGN9M6LM3;
				GENERATE_INFOPLIST_FILE = YES;
				INFOPLIST_FILE = "Flash-Chat/Info.plist";
				INFOPLIST_KEY_UIApplicationSupportsIndirectInputEvents = YES;
				INFOPLIST_KEY_UILaunchStoryboardName = LaunchScreen;
				INFOPLIST_KEY_UIMainStoryboardFile = Main;
				INFOPLIST_KEY_UISupportedInterfaceOrientations = UIInterfaceOrientationPortrait;
				LD_RUNPATH_SEARCH_PATHS = (
					"$(inherited)",
					"@executable_path/Frameworks",
				);
				MARKETING_VERSION = 1.0;
				PRODUCT_BUNDLE_IDENTIFIER = "com.thaolyngo.Flash-Chat";
				PRODUCT_NAME = "$(TARGET_NAME)";
				SWIFT_EMIT_LOC_STRINGS = YES;
				SWIFT_VERSION = 5.0;
				TARGETED_DEVICE_FAMILY = "1,2";
			};
			name = Debug;
		};
		0966B77829A7E6A100469368 /* Release */ = {
			isa = XCBuildConfiguration;
			baseConfigurationReference = BB48C4BECE2CD7FE99380126 /* Pods-Flash-Chat.release.xcconfig */;
			buildSettings = {
				ASSETCATALOG_COMPILER_APPICON_NAME = AppIcon;
				ASSETCATALOG_COMPILER_GLOBAL_ACCENT_COLOR_NAME = AccentColor;
				CODE_SIGN_STYLE = Automatic;
				CURRENT_PROJECT_VERSION = 1;
				DEVELOPMENT_TEAM = BCGN9M6LM3;
				GENERATE_INFOPLIST_FILE = YES;
				INFOPLIST_FILE = "Flash-Chat/Info.plist";
				INFOPLIST_KEY_UIApplicationSupportsIndirectInputEvents = YES;
				INFOPLIST_KEY_UILaunchStoryboardName = LaunchScreen;
				INFOPLIST_KEY_UIMainStoryboardFile = Main;
				INFOPLIST_KEY_UISupportedInterfaceOrientations = UIInterfaceOrientationPortrait;
				LD_RUNPATH_SEARCH_PATHS = (
					"$(inherited)",
					"@executable_path/Frameworks",
				);
				MARKETING_VERSION = 1.0;
				PRODUCT_BUNDLE_IDENTIFIER = "com.thaolyngo.Flash-Chat";
				PRODUCT_NAME = "$(TARGET_NAME)";
				SWIFT_EMIT_LOC_STRINGS = YES;
				SWIFT_VERSION = 5.0;
				TARGETED_DEVICE_FAMILY = "1,2";
			};
			name = Release;
		};
/* End XCBuildConfiguration section */

/* Begin XCConfigurationList section */
		0966B75D29A7E6A000469368 /* Build configuration list for PBXProject "Flash-Chat" */ = {
			isa = XCConfigurationList;
			buildConfigurations = (
				0966B77429A7E6A100469368 /* Debug */,
				0966B77529A7E6A100469368 /* Release */,
			);
			defaultConfigurationIsVisible = 0;
			defaultConfigurationName = Release;
		};
		0966B77629A7E6A100469368 /* Build configuration list for PBXNativeTarget "Flash-Chat" */ = {
			isa = XCConfigurationList;
			buildConfigurations = (
				0966B77729A7E6A100469368 /* Debug */,
				0966B77829A7E6A100469368 /* Release */,
			);
			defaultConfigurationIsVisible = 0;
			defaultConfigurationName = Release;
		};
/* End XCConfigurationList section */

/* Begin XCRemoteSwiftPackageReference section */
		0950E66429A7F3B0001B08A1 /* XCRemoteSwiftPackageReference "firebase-ios-sdk" */ = {
			isa = XCRemoteSwiftPackageReference;
			repositoryURL = "https://github.com/firebase/firebase-ios-sdk";
			requirement = {
				kind = upToNextMajorVersion;
				minimumVersion = 9.0.0;
			};
		};
/* End XCRemoteSwiftPackageReference section */

/* Begin XCSwiftPackageProductDependency section */
		0950E66529A7F3B0001B08A1 /* FirebaseAuth */ = {
			isa = XCSwiftPackageProductDependency;
			package = 0950E66429A7F3B0001B08A1 /* XCRemoteSwiftPackageReference "firebase-ios-sdk" */;
			productName = FirebaseAuth;
		};
		0950E66729A7F3B0001B08A1 /* FirebaseFirestore */ = {
			isa = XCSwiftPackageProductDependency;
			package = 0950E66429A7F3B0001B08A1 /* XCRemoteSwiftPackageReference "firebase-ios-sdk" */;
			productName = FirebaseFirestore;
		};
/* End XCSwiftPackageProductDependency section */
	};
	rootObject = 0966B75A29A7E6A000469368 /* Project object */;
}
